{
  "object": {
    "pins": [
      {
        "package": "Konkyo",
        "repositoryURL": "https://github.com/Machx/Konkyo.git",
        "state": {
          "branch": "main",
          "revision": "606012fd185d348bdc491c97fa8d6fbc714f4ff9",
          "version": null
        }
      }
    ]
  },
  "version": 1
}
