{
  "object": {
    "pins": [
      {
        "package": "Konkyo",
        "repositoryURL": "https://github.com/Machx/Konkyo.git",
        "state": {
          "branch": "main",
          "revision": "c26c99c7a1fb9da3276f9a96e5a3a53cd978f8d1",
          "version": null
        }
      }
    ]
  },
  "version": 1
}
