{
  "object": {
    "pins": [
      {
        "package": "Konkyo",
        "repositoryURL": "https://github.com/Machx/Konkyo.git",
        "state": {
          "branch": "main",
          "revision": "683692a8d6bd59c0bfa2539a3450165143b1fde1",
          "version": null
        }
      }
    ]
  },
  "version": 1
}
